
Microsoft Visual Studio Solution File, Format Version 12.00
# Visual Studio 15
VisualStudioVersion = 15.0.26430.6
MinimumVisualStudioVersion = 10.0.40219.1
Project("{2150E333-8FDC-42A3-9474-1A3956D46DE8}") = "Solution Items", "Solution Items", "{36489263-D8F8-439D-BFA0-AE656A74AC44}"
	ProjectSection(SolutionItems) = preProject
		GOALS.md = GOALS.md
		LICENSE.txt = LICENSE.txt
		PROTOCOL.md = PROTOCOL.md
		README.md = README.md
	EndProjectSection
EndProject
Project("{9A19103F-16F7-4668-BE54-9A1E7A4F7556}") = "Mystiko.Library.Core", "Mystiko.Library.Core\Mystiko.Library.Core.csproj", "{FB645593-A368-4358-A81D-A5EA8D7EC2E7}"
EndProject
Project("{9A19103F-16F7-4668-BE54-9A1E7A4F7556}") = "Mystiko.Library.Tests.Core", "Mystiko.Library.Tests.Core\Mystiko.Library.Tests.Core.csproj", "{EB89B4DC-98DE-4600-A67B-0D860E3928AB}"
EndProject
Project("{9A19103F-16F7-4668-BE54-9A1E7A4F7556}") = "Mystiko.PackageManager.Core", "Mystiko.PackageManager.Core\Mystiko.PackageManager.Core.csproj", "{1A6E06DC-74EC-4A80-AEA1-33035B2E072F}"
EndProject
Project("{9A19103F-16F7-4668-BE54-9A1E7A4F7556}") = "Mystiko.Node.Core", "Mystiko.Node.Core\Mystiko.Node.Core.csproj", "{5DDD11CC-DC46-4E9C-82C7-34E69E6AC9EF}"
EndProject
Project("{FAE04EC0-301F-11D3-BF4B-00C04F79EFBC}") = "Mystiko.Browser.Thick.Windows", "Mystiko.Browser.Thick.Windows\Mystiko.Browser.Thick.Windows.csproj", "{CFAD0193-8FA0-4284-B684-07E9C92A431C}"
EndProject
Project("{2150E333-8FDC-42A3-9474-1A3956D46DE8}") = "Documentation", "Documentation", "{467E9EF8-6BA5-443C-9F9F-9B17F7BB35FB}"
	ProjectSection(SolutionItems) = preProject
		Documentation\Decryption.svg = Documentation\Decryption.svg
		Documentation\Encryption.svg = Documentation\Encryption.svg
		Documentation\Mystiko.vsdx = Documentation\Mystiko.vsdx
	EndProjectSection
EndProject
Project("{2150E333-8FDC-42A3-9474-1A3956D46DE8}") = "NetworkMessages", "NetworkMessages", "{BB1050F3-D7AF-42EC-8C24-8DD114572929}"
	ProjectSection(SolutionItems) = preProject
		Documentation\NetworkMessages\BlockHave.md = Documentation\NetworkMessages\BlockHave.md
		Documentation\NetworkMessages\BlockWant.md = Documentation\NetworkMessages\BlockWant.md
		Documentation\NetworkMessages\NodeDecline.md = Documentation\NetworkMessages\NodeDecline.md
		Documentation\NetworkMessages\NodeHello.md = Documentation\NetworkMessages\NodeHello.md
	EndProjectSection
EndProject
Global
	GlobalSection(SolutionConfigurationPlatforms) = preSolution
		Debug|Any CPU = Debug|Any CPU
		Release|Any CPU = Release|Any CPU
	EndGlobalSection
	GlobalSection(ProjectConfigurationPlatforms) = postSolution
		{FB645593-A368-4358-A81D-A5EA8D7EC2E7}.Debug|Any CPU.ActiveCfg = Debug|Any CPU
		{FB645593-A368-4358-A81D-A5EA8D7EC2E7}.Debug|Any CPU.Build.0 = Debug|Any CPU
		{FB645593-A368-4358-A81D-A5EA8D7EC2E7}.Release|Any CPU.ActiveCfg = Release|Any CPU
		{FB645593-A368-4358-A81D-A5EA8D7EC2E7}.Release|Any CPU.Build.0 = Release|Any CPU
		{EB89B4DC-98DE-4600-A67B-0D860E3928AB}.Debug|Any CPU.ActiveCfg = Debug|Any CPU
		{EB89B4DC-98DE-4600-A67B-0D860E3928AB}.Debug|Any CPU.Build.0 = Debug|Any CPU
		{EB89B4DC-98DE-4600-A67B-0D860E3928AB}.Release|Any CPU.ActiveCfg = Release|Any CPU
		{EB89B4DC-98DE-4600-A67B-0D860E3928AB}.Release|Any CPU.Build.0 = Release|Any CPU
		{1A6E06DC-74EC-4A80-AEA1-33035B2E072F}.Debug|Any CPU.ActiveCfg = Debug|Any CPU
		{1A6E06DC-74EC-4A80-AEA1-33035B2E072F}.Debug|Any CPU.Build.0 = Debug|Any CPU
		{1A6E06DC-74EC-4A80-AEA1-33035B2E072F}.Release|Any CPU.ActiveCfg = Release|Any CPU
		{1A6E06DC-74EC-4A80-AEA1-33035B2E072F}.Release|Any CPU.Build.0 = Release|Any CPU
		{5DDD11CC-DC46-4E9C-82C7-34E69E6AC9EF}.Debug|Any CPU.ActiveCfg = Debug|Any CPU
		{5DDD11CC-DC46-4E9C-82C7-34E69E6AC9EF}.Debug|Any CPU.Build.0 = Debug|Any CPU
		{5DDD11CC-DC46-4E9C-82C7-34E69E6AC9EF}.Release|Any CPU.ActiveCfg = Release|Any CPU
		{5DDD11CC-DC46-4E9C-82C7-34E69E6AC9EF}.Release|Any CPU.Build.0 = Release|Any CPU
		{CFAD0193-8FA0-4284-B684-07E9C92A431C}.Debug|Any CPU.ActiveCfg = Debug|Any CPU
		{CFAD0193-8FA0-4284-B684-07E9C92A431C}.Debug|Any CPU.Build.0 = Debug|Any CPU
		{CFAD0193-8FA0-4284-B684-07E9C92A431C}.Release|Any CPU.ActiveCfg = Release|Any CPU
		{CFAD0193-8FA0-4284-B684-07E9C92A431C}.Release|Any CPU.Build.0 = Release|Any CPU
	EndGlobalSection
	GlobalSection(SolutionProperties) = preSolution
		HideSolutionNode = FALSE
	EndGlobalSection
	GlobalSection(NestedProjects) = preSolution
		{467E9EF8-6BA5-443C-9F9F-9B17F7BB35FB} = {36489263-D8F8-439D-BFA0-AE656A74AC44}
		{BB1050F3-D7AF-42EC-8C24-8DD114572929} = {467E9EF8-6BA5-443C-9F9F-9B17F7BB35FB}
	EndGlobalSection
EndGlobal
